
Microsoft Visual Studio Solution File, Format Version 12.00
# Visual Studio Version 16
VisualStudioVersion = 16.0.33529.622
MinimumVisualStudioVersion = 10.0.40219.1
Project("{D2ABAB84-BF74-430A-B69E-9DC6D40DDA17}") = "SSAS_CPS", "SSAS_CPS\SSAS_CPS.dwproj", "{6A386A4D-D143-4B41-BDC4-10A3A3BE5430}"
EndProject
Global
	GlobalSection(SolutionConfigurationPlatforms) = preSolution
		Development|Default = Development|Default
	EndGlobalSection
	GlobalSection(ProjectConfigurationPlatforms) = postSolution
		{6A386A4D-D143-4B41-BDC4-10A3A3BE5430}.Development|Default.ActiveCfg = Development
		{6A386A4D-D143-4B41-BDC4-10A3A3BE5430}.Development|Default.Build.0 = Development
		{6A386A4D-D143-4B41-BDC4-10A3A3BE5430}.Development|Default.Deploy.0 = Development
	EndGlobalSection
	GlobalSection(SolutionProperties) = preSolution
		HideSolutionNode = FALSE
	EndGlobalSection
	GlobalSection(ExtensibilityGlobals) = postSolution
		SolutionGuid = {6C8EEFF5-A29A-4DA3-9328-F76452DB71A7}
	EndGlobalSection
EndGlobal
